<?xml version="1.0" encoding="utf-8"?>
<Project ToolsVersion="4.0" xmlns="http://schemas.microsoft.com/developer/msbuild/2003">
  <ItemGroup>
    <Filter Include="Source Files">
      <UniqueIdentifier>{4FC737F1-C7A5-4376-A066-2A32D752A2FF}</UniqueIdentifier>
      <Extensions>cpp;c;cc;cxx;def;odl;idl;hpj;bat;asm;asmx</Extensions>
    </Filter>
    <Filter Include="Header Files">
      <UniqueIdentifier>{93995380-89BD-4b04-88EB-625FBE52EBFB}</UniqueIdentifier>
      <Extensions>h;hh;hpp;hxx;hm;inl;inc;xsd</Extensions>
    </Filter>
    <Filter Include="Resource Files">
      <UniqueIdentifier>{67DA6AB6-F800-4c08-8B7A-83BB121AAD01}</UniqueIdentifier>
      <Extensions>rc;ico;cur;bmp;dlg;rc2;rct;bin;rgs;gif;jpg;jpeg;jpe;resx;tiff;tif;png;wav</Extensions>
    </Filter>
  </ItemGroup>
  <ItemGroup>
    <ClCompile Include="db\builder.cc">
      <Filter>Source Files</Filter>
    </ClCompile>
    <ClCompile Include="db\dbformat.cc">
      <Filter>Source Files</Filter>
    </ClCompile>
    <ClCompile Include="db\db_impl.cc">
      <Filter>Source Files</Filter>
    </ClCompile>
    <ClCompile Include="db\db_iter.cc">
      <Filter>Source Files</Filter>
    </ClCompile>
    <ClCompile Include="db\dumpfile.cc">
      <Filter>Source Files</Filter>
    </ClCompile>
    <ClCompile Include="db\filename.cc">
      <Filter>Source Files</Filter>
    </ClCompile>
    <ClCompile Include="db\log_reader.cc">
      <Filter>Source Files</Filter>
    </ClCompile>
    <ClCompile Include="db\log_writer.cc">
      <Filter>Source Files</Filter>
    </ClCompile>
    <ClCompile Include="db\memtable.cc">
      <Filter>Source Files</Filter>
    </ClCompile>
    <ClCompile Include="db\repair.cc">
      <Filter>Source Files</Filter>
    </ClCompile>
    <ClCompile Include="db\table_cache.cc">
      <Filter>Source Files</Filter>
    </ClCompile>
    <ClCompile Include="db\version_edit.cc">
      <Filter>Source Files</Filter>
    </ClCompile>
    <ClCompile Include="db\version_set.cc">
      <Filter>Source Files</Filter>
    </ClCompile>
    <ClCompile Include="db\write_batch.cc">
      <Filter>Source Files</Filter>
    </ClCompile>
    <ClCompile Include="helpers\memenv\memenv.cc">
      <Filter>Source Files</Filter>
    </ClCompile>
    <ClCompile Include="table\block.cc">
      <Filter>Source Files</Filter>
    </ClCompile>
    <ClCompile Include="table\block_builder.cc">
      <Filter>Source Files</Filter>
    </ClCompile>
    <ClCompile Include="table\filter_block.cc">
      <Filter>Source Files</Filter>
    </ClCompile>
    <ClCompile Include="table\format.cc">
      <Filter>Source Files</Filter>
    </ClCompile>
    <ClCompile Include="table\iterator.cc">
      <Filter>Source Files</Filter>
    </ClCompile>
    <ClCompile Include="table\merger.cc">
      <Filter>Source Files</Filter>
    </ClCompile>
    <ClCompile Include="table\table.cc">
      <Filter>Source Files</Filter>
    </ClCompile>
    <ClCompile Include="table\table_builder.cc">
      <Filter>Source Files</Filter>
    </ClCompile>
    <ClCompile Include="table\two_level_iterator.cc">
      <Filter>Source Files</Filter>
    </ClCompile>
    <ClCompile Include="util\arena.cc">
      <Filter>Source Files</Filter>
    </ClCompile>
    <ClCompile Include="util\bloom.cc">
      <Filter>Source Files</Filter>
    </ClCompile>
    <ClCompile Include="util\cache.cc">
      <Filter>Source Files</Filter>
    </ClCompile>
    <ClCompile Include="util\coding.cc">
      <Filter>Source Files</Filter>
    </ClCompile>
    <ClCompile Include="util\comparator.cc">
      <Filter>Source Files</Filter>
    </ClCompile>
    <ClCompile Include="util\crc32c.cc">
      <Filter>Source Files</Filter>
    </ClCompile>
    <ClCompile Include="util\env.cc">
      <Filter>Source Files</Filter>
    </ClCompile>
    <ClCompile Include="util\filter_policy.cc">
      <Filter>Source Files</Filter>
    </ClCompile>
    <ClCompile Include="util\hash.cc">
      <Filter>Source Files</Filter>
    </ClCompile>
    <ClCompile Include="util\histogram.cc">
      <Filter>Source Files</Filter>
    </ClCompile>
    <ClCompile Include="util\logging.cc">
      <Filter>Source Files</Filter>
    </ClCompile>
    <ClCompile Include="util\options.cc">
      <Filter>Source Files</Filter>
    </ClCompile>
    <ClCompile Include="util\status.cc">
      <Filter>Source Files</Filter>
    </ClCompile>
    <ClCompile Include="port\port_win.cc">
      <Filter>Source Files</Filter>
    </ClCompile>
    <ClCompile Include="util\win_logger.cc">
      <Filter>Source Files</Filter>
    </ClCompile>
    <ClCompile Include="util\env_windows.cc">
      <Filter>Source Files</Filter>
    </ClCompile>
  </ItemGroup>
  <ItemGroup>
    <ClInclude Include="db\builder.h">
      <Filter>Header Files</Filter>
    </ClInclude>
    <ClInclude Include="db\dbformat.h">
      <Filter>Header Files</Filter>
    </ClInclude>
    <ClInclude Include="db\db_impl.h">
      <Filter>Header Files</Filter>
    </ClInclude>
    <ClInclude Include="db\db_iter.h">
      <Filter>Header Files</Filter>
    </ClInclude>
    <ClInclude Include="db\filename.h">
      <Filter>Header Files</Filter>
    </ClInclude>
    <ClInclude Include="db\log_format.h">
      <Filter>Header Files</Filter>
    </ClInclude>
    <ClInclude Include="db\log_reader.h">
      <Filter>Header Files</Filter>
    </ClInclude>
    <ClInclude Include="db\log_writer.h">
      <Filter>Header Files</Filter>
    </ClInclude>
    <ClInclude Include="db\memtable.h">
      <Filter>Header Files</Filter>
    </ClInclude>
    <ClInclude Include="db\skiplist.h">
      <Filter>Header Files</Filter>
    </ClInclude>
    <ClInclude Include="db\snapshot.h">
      <Filter>Header Files</Filter>
    </ClInclude>
    <ClInclude Include="db\table_cache.h">
      <Filter>Header Files</Filter>
    </ClInclude>
    <ClInclude Include="db\version_edit.h">
      <Filter>Header Files</Filter>
    </ClInclude>
    <ClInclude Include="db\version_set.h">
      <Filter>Header Files</Filter>
    </ClInclude>
    <ClInclude Include="db\write_batch_internal.h">
      <Filter>Header Files</Filter>
    </ClInclude>
    <ClInclude Include="helpers\memenv\memenv.h">
      <Filter>Header Files</Filter>
    </ClInclude>
    <ClInclude Include="include\leveldb\c.h">
      <Filter>Header Files</Filter>
    </ClInclude>
    <ClInclude Include="include\leveldb\cache.h">
      <Filter>Header Files</Filter>
    </ClInclude>
    <ClInclude Include="include\leveldb\comparator.h">
      <Filter>Header Files</Filter>
    </ClInclude>
    <ClInclude Include="include\leveldb\db.h">
      <Filter>Header Files</Filter>
    </ClInclude>
    <ClInclude Include="include\leveldb\dumpfile.h">
      <Filter>Header Files</Filter>
    </ClInclude>
    <ClInclude Include="include\leveldb\env.h">
      <Filter>Header Files</Filter>
    </ClInclude>
    <ClInclude Include="include\leveldb\filter_policy.h">
      <Filter>Header Files</Filter>
    </ClInclude>
    <ClInclude Include="include\leveldb\iterator.h">
      <Filter>Header Files</Filter>
    </ClInclude>
    <ClInclude Include="include\leveldb\options.h">
      <Filter>Header Files</Filter>
    </ClInclude>
    <ClInclude Include="include\leveldb\slice.h">
      <Filter>Header Files</Filter>
    </ClInclude>
    <ClInclude Include="include\leveldb\status.h">
      <Filter>Header Files</Filter>
    </ClInclude>
    <ClInclude Include="include\leveldb\table.h">
      <Filter>Header Files</Filter>
    </ClInclude>
    <ClInclude Include="include\leveldb\table_builder.h">
      <Filter>Header Files</Filter>
    </ClInclude>
    <ClInclude Include="include\leveldb\write_batch.h">
      <Filter>Header Files</Filter>
    </ClInclude>
    <ClInclude Include="port\atomic_pointer.h">
      <Filter>Header Files</Filter>
    </ClInclude>
    <ClInclude Include="port\port.h">
      <Filter>Header Files</Filter>
    </ClInclude>
    <ClInclude Include="port\port_example.h">
      <Filter>Header Files</Filter>
    </ClInclude>
    <ClInclude Include="port\port_posix.h">
      <Filter>Header Files</Filter>
    </ClInclude>
    <ClInclude Include="port\thread_annotations.h">
      <Filter>Header Files</Filter>
    </ClInclude>
    <ClInclude Include="port\win\stdint.h">
      <Filter>Header Files</Filter>
    </ClInclude>
    <ClInclude Include="table\block.h">
      <Filter>Header Files</Filter>
    </ClInclude>
    <ClInclude Include="table\block_builder.h">
      <Filter>Header Files</Filter>
    </ClInclude>
    <ClInclude Include="table\filter_block.h">
      <Filter>Header Files</Filter>
    </ClInclude>
    <ClInclude Include="table\format.h">
      <Filter>Header Files</Filter>
    </ClInclude>
    <ClInclude Include="table\iterator_wrapper.h">
      <Filter>Header Files</Filter>
    </ClInclude>
    <ClInclude Include="table\merger.h">
      <Filter>Header Files</Filter>
    </ClInclude>
    <ClInclude Include="table\two_level_iterator.h">
      <Filter>Header Files</Filter>
    </ClInclude>
    <ClInclude Include="util\arena.h">
      <Filter>Header Files</Filter>
    </ClInclude>
    <ClInclude Include="util\coding.h">
      <Filter>Header Files</Filter>
    </ClInclude>
    <ClInclude Include="util\crc32c.h">
      <Filter>Header Files</Filter>
    </ClInclude>
    <ClInclude Include="util\hash.h">
      <Filter>Header Files</Filter>
    </ClInclude>
    <ClInclude Include="util\histogram.h">
      <Filter>Header Files</Filter>
    </ClInclude>
    <ClInclude Include="util\logging.h">
      <Filter>Header Files</Filter>
    </ClInclude>
    <ClInclude Include="util\mutexlock.h">
      <Filter>Header Files</Filter>
    </ClInclude>
    <ClInclude Include="util\posix_logger.h">
      <Filter>Header Files</Filter>
    </ClInclude>
    <ClInclude Include="util\random.h">
      <Filter>Header Files</Filter>
    </ClInclude>
    <ClInclude Include="port\port_win.h">
      <Filter>Header Files</Filter>
    </ClInclude>
    <ClInclude Include="util\win_logger.h">
      <Filter>Header Files</Filter>
    </ClInclude>
  </ItemGroup>
</Project>