
Microsoft Visual Studio Solution File, Format Version 12.00
# Visual Studio 15
VisualStudioVersion = 15.0.26403.7
MinimumVisualStudioVersion = 10.0.40219.1
Project("{8BC9CEB8-8B4A-11D0-8D11-00A0C91BC942}") = "leveldb_vs2017", "leveldb_vs2017.vcxproj", "{A88A1841-75AF-4EB8-AE7F-2638D54DE216}"
EndProject
Global
	GlobalSection(SolutionConfigurationPlatforms) = preSolution
		Debug|x64 = Debug|x64
		Debug|x86 = Debug|x86
		Release|x64 = Release|x64
		Release|x86 = Release|x86
		Test_checkall|x64 = Test_checkall|x64
		Test_checkall|x86 = Test_checkall|x86
		Test_env|x64 = Test_env|x64
		Test_env|x86 = Test_env|x86
	EndGlobalSection
	GlobalSection(ProjectConfigurationPlatforms) = postSolution
		{A88A1841-75AF-4EB8-AE7F-2638D54DE216}.Debug|x64.ActiveCfg = Debug|x64
		{A88A1841-75AF-4EB8-AE7F-2638D54DE216}.Debug|x64.Build.0 = Debug|x64
		{A88A1841-75AF-4EB8-AE7F-2638D54DE216}.Debug|x86.ActiveCfg = Debug|Win32
		{A88A1841-75AF-4EB8-AE7F-2638D54DE216}.Debug|x86.Build.0 = Debug|Win32
		{A88A1841-75AF-4EB8-AE7F-2638D54DE216}.Release|x64.ActiveCfg = Release|x64
		{A88A1841-75AF-4EB8-AE7F-2638D54DE216}.Release|x64.Build.0 = Release|x64
		{A88A1841-75AF-4EB8-AE7F-2638D54DE216}.Release|x86.ActiveCfg = Release|Win32
		{A88A1841-75AF-4EB8-AE7F-2638D54DE216}.Release|x86.Build.0 = Release|Win32
		{A88A1841-75AF-4EB8-AE7F-2638D54DE216}.Test_checkall|x64.ActiveCfg = Test_checkall|x64
		{A88A1841-75AF-4EB8-AE7F-2638D54DE216}.Test_checkall|x64.Build.0 = Test_checkall|x64
		{A88A1841-75AF-4EB8-AE7F-2638D54DE216}.Test_checkall|x86.ActiveCfg = Test_checkall|Win32
		{A88A1841-75AF-4EB8-AE7F-2638D54DE216}.Test_checkall|x86.Build.0 = Test_checkall|Win32
		{A88A1841-75AF-4EB8-AE7F-2638D54DE216}.Test_env|x64.ActiveCfg = Test_env|x64
		{A88A1841-75AF-4EB8-AE7F-2638D54DE216}.Test_env|x64.Build.0 = Test_env|x64
		{A88A1841-75AF-4EB8-AE7F-2638D54DE216}.Test_env|x86.ActiveCfg = Test_env|Win32
		{A88A1841-75AF-4EB8-AE7F-2638D54DE216}.Test_env|x86.Build.0 = Test_env|Win32
	EndGlobalSection
	GlobalSection(SolutionProperties) = preSolution
		HideSolutionNode = FALSE
	EndGlobalSection
EndGlobal
