
Microsoft Visual Studio Solution File, Format Version 12.00
# Visual Studio 14
VisualStudioVersion = 14.0.25123.0
MinimumVisualStudioVersion = 10.0.40219.1
Project("{8BC9CEB8-8B4A-11D0-8D11-00A0C91BC942}") = "leveldb", "leveldb.vcxproj", "{8553D33E-E0C5-46A2-819C-8513D2229F67}"
EndProject
Global
	GlobalSection(SolutionConfigurationPlatforms) = preSolution
		Debug|Win32 = Debug|Win32
		Debug|x64 = Debug|x64
		Release|Win32 = Release|Win32
		Release|x64 = Release|x64
	EndGlobalSection
	GlobalSection(ProjectConfigurationPlatforms) = postSolution
		{8553D33E-E0C5-46A2-819C-8513D2229F67}.Debug|Win32.ActiveCfg = Debug|Win32
		{8553D33E-E0C5-46A2-819C-8513D2229F67}.Debug|Win32.Build.0 = Debug|Win32
		{8553D33E-E0C5-46A2-819C-8513D2229F67}.Debug|x64.ActiveCfg = Debug|x64
		{8553D33E-E0C5-46A2-819C-8513D2229F67}.Debug|x64.Build.0 = Debug|x64
		{8553D33E-E0C5-46A2-819C-8513D2229F67}.Release|Win32.ActiveCfg = Release|Win32
		{8553D33E-E0C5-46A2-819C-8513D2229F67}.Release|Win32.Build.0 = Release|Win32
		{8553D33E-E0C5-46A2-819C-8513D2229F67}.Release|x64.ActiveCfg = Release|x64
		{8553D33E-E0C5-46A2-819C-8513D2229F67}.Release|x64.Build.0 = Release|x64
	EndGlobalSection
	GlobalSection(SolutionProperties) = preSolution
		HideSolutionNode = FALSE
	EndGlobalSection
EndGlobal
