<?xml version="1.0" encoding="utf-8"?>
<Project ToolsVersion="4.0" xmlns="http://schemas.microsoft.com/developer/msbuild/2003">
  <ItemGroup>
    <Filter Include="Source Files">
      <UniqueIdentifier>{4FC737F1-C7A5-4376-A066-2A32D752A2FF}</UniqueIdentifier>
      <Extensions>cpp;c;cc;cxx;def;odl;idl;hpj;bat;asm;asmx</Extensions>
    </Filter>
    <Filter Include="Header Files">
      <UniqueIdentifier>{93995380-89BD-4b04-88EB-625FBE52EBFB}</UniqueIdentifier>
      <Extensions>h;hh;hpp;hxx;hm;inl;inc;xsd</Extensions>
    </Filter>
    <Filter Include="Resource Files">
      <UniqueIdentifier>{67DA6AB6-F800-4c08-8B7A-83BB121AAD01}</UniqueIdentifier>
      <Extensions>rc;ico;cur;bmp;dlg;rc2;rct;bin;rgs;gif;jpg;jpeg;jpe;resx;tiff;tif;png;wav;mfcribbon-ms</Extensions>
    </Filter>
    <Filter Include="Source Files\util">
      <UniqueIdentifier>{889adccd-658d-4b5e-a4a0-5eb69177a710}</UniqueIdentifier>
    </Filter>
    <Filter Include="Source Files\table">
      <UniqueIdentifier>{8fd751aa-9e25-4e7c-be84-866a0adfceea}</UniqueIdentifier>
    </Filter>
    <Filter Include="Source Files\db">
      <UniqueIdentifier>{a793ec2f-5901-48cc-833d-4d34bf221920}</UniqueIdentifier>
    </Filter>
    <Filter Include="Source Files\helpers">
      <UniqueIdentifier>{865a41a9-e0cf-4247-b3aa-7598baee67a5}</UniqueIdentifier>
    </Filter>
    <Filter Include="Source Files\port">
      <UniqueIdentifier>{4e76ddec-5e87-4137-aae4-f8eab808ff46}</UniqueIdentifier>
    </Filter>
    <Filter Include="Header Files\include">
      <UniqueIdentifier>{d6c9f360-105f-47e7-8d29-273affb1db82}</UniqueIdentifier>
    </Filter>
    <Filter Include="Header Files\db">
      <UniqueIdentifier>{1fd59ae8-33f8-4904-9162-8a4403ffa263}</UniqueIdentifier>
    </Filter>
    <Filter Include="Header Files\helpers">
      <UniqueIdentifier>{b6c214fb-c9fd-4fdc-8ec6-731e89672766}</UniqueIdentifier>
    </Filter>
    <Filter Include="Header Files\port">
      <UniqueIdentifier>{212f380a-746d-4a0c-9152-f6e84f71f7cb}</UniqueIdentifier>
    </Filter>
    <Filter Include="Header Files\table">
      <UniqueIdentifier>{a981f194-cfa3-4e74-b130-3e7365173d61}</UniqueIdentifier>
    </Filter>
    <Filter Include="Header Files\util">
      <UniqueIdentifier>{2041432a-1e4b-4953-94ed-c69878c8fd57}</UniqueIdentifier>
    </Filter>
  </ItemGroup>
  <ItemGroup>
    <ClCompile Include="..\util\arena.cc">
      <Filter>Source Files\util</Filter>
    </ClCompile>
    <ClCompile Include="..\util\bloom.cc">
      <Filter>Source Files\util</Filter>
    </ClCompile>
    <ClCompile Include="..\util\cache.cc">
      <Filter>Source Files\util</Filter>
    </ClCompile>
    <ClCompile Include="..\util\coding.cc">
      <Filter>Source Files\util</Filter>
    </ClCompile>
    <ClCompile Include="..\util\comparator.cc">
      <Filter>Source Files\util</Filter>
    </ClCompile>
    <ClCompile Include="..\util\env.cc">
      <Filter>Source Files\util</Filter>
    </ClCompile>
    <ClCompile Include="..\util\filter_policy.cc">
      <Filter>Source Files\util</Filter>
    </ClCompile>
    <ClCompile Include="..\util\hash.cc">
      <Filter>Source Files\util</Filter>
    </ClCompile>
    <ClCompile Include="..\util\logging.cc">
      <Filter>Source Files\util</Filter>
    </ClCompile>
    <ClCompile Include="..\util\options.cc">
      <Filter>Source Files\util</Filter>
    </ClCompile>
    <ClCompile Include="..\util\status.cc">
      <Filter>Source Files\util</Filter>
    </ClCompile>
    <ClCompile Include="..\table\block.cc">
      <Filter>Source Files\table</Filter>
    </ClCompile>
    <ClCompile Include="..\table\block_builder.cc">
      <Filter>Source Files\table</Filter>
    </ClCompile>
    <ClCompile Include="..\table\filter_block.cc">
      <Filter>Source Files\table</Filter>
    </ClCompile>
    <ClCompile Include="..\table\format.cc">
      <Filter>Source Files\table</Filter>
    </ClCompile>
    <ClCompile Include="..\table\iterator.cc">
      <Filter>Source Files\table</Filter>
    </ClCompile>
    <ClCompile Include="..\table\merger.cc">
      <Filter>Source Files\table</Filter>
    </ClCompile>
    <ClCompile Include="..\table\table.cc">
      <Filter>Source Files\table</Filter>
    </ClCompile>
    <ClCompile Include="..\table\table_builder.cc">
      <Filter>Source Files\table</Filter>
    </ClCompile>
    <ClCompile Include="..\table\two_level_iterator.cc">
      <Filter>Source Files\table</Filter>
    </ClCompile>
    <ClCompile Include="..\db\c.cc">
      <Filter>Source Files\db</Filter>
    </ClCompile>
    <ClCompile Include="..\db\db_impl.cc">
      <Filter>Source Files\db</Filter>
    </ClCompile>
    <ClCompile Include="..\db\db_iter.cc">
      <Filter>Source Files\db</Filter>
    </ClCompile>
    <ClCompile Include="..\db\dbformat.cc">
      <Filter>Source Files\db</Filter>
    </ClCompile>
    <ClCompile Include="..\db\filename.cc">
      <Filter>Source Files\db</Filter>
    </ClCompile>
    <ClCompile Include="..\db\log_reader.cc">
      <Filter>Source Files\db</Filter>
    </ClCompile>
    <ClCompile Include="..\db\log_writer.cc">
      <Filter>Source Files\db</Filter>
    </ClCompile>
    <ClCompile Include="..\db\memtable.cc">
      <Filter>Source Files\db</Filter>
    </ClCompile>
    <ClCompile Include="..\db\repair.cc">
      <Filter>Source Files\db</Filter>
    </ClCompile>
    <ClCompile Include="..\db\table_cache.cc">
      <Filter>Source Files\db</Filter>
    </ClCompile>
    <ClCompile Include="..\db\version_edit.cc">
      <Filter>Source Files\db</Filter>
    </ClCompile>
    <ClCompile Include="..\db\version_set.cc">
      <Filter>Source Files\db</Filter>
    </ClCompile>
    <ClCompile Include="..\db\write_batch.cc">
      <Filter>Source Files\db</Filter>
    </ClCompile>
    <ClCompile Include="..\helpers\memenv\memenv.cc">
      <Filter>Source Files\helpers</Filter>
    </ClCompile>
    <ClCompile Include="..\port\port_win.cc">
      <Filter>Source Files\port</Filter>
    </ClCompile>
    <ClCompile Include="..\db\builder.cc">
      <Filter>Source Files\db</Filter>
    </ClCompile>
    <ClCompile Include="..\db\db_bench.cc">
      <Filter>Source Files\db</Filter>
    </ClCompile>
    <ClCompile Include="..\util\histogram.cc">
      <Filter>Source Files\util</Filter>
    </ClCompile>
    <ClCompile Include="..\util\testutil.cc">
      <Filter>Source Files\util</Filter>
    </ClCompile>
    <ClCompile Include="..\util\testharness.cc">
      <Filter>Source Files\util</Filter>
    </ClCompile>
    <ClCompile Include="..\port\env_win.cc">
      <Filter>Source Files\port</Filter>
    </ClCompile>
    <ClCompile Include="..\util\crc32c.cc">
      <Filter>Source Files\util</Filter>
    </ClCompile>
  </ItemGroup>
  <ItemGroup>
    <ClInclude Include="..\include\leveldb\c.h">
      <Filter>Header Files\include</Filter>
    </ClInclude>
    <ClInclude Include="..\include\leveldb\cache.h">
      <Filter>Header Files\include</Filter>
    </ClInclude>
    <ClInclude Include="..\include\leveldb\comparator.h">
      <Filter>Header Files\include</Filter>
    </ClInclude>
    <ClInclude Include="..\include\leveldb\db.h">
      <Filter>Header Files\include</Filter>
    </ClInclude>
    <ClInclude Include="..\include\leveldb\env.h">
      <Filter>Header Files\include</Filter>
    </ClInclude>
    <ClInclude Include="..\include\leveldb\filter_policy.h">
      <Filter>Header Files\include</Filter>
    </ClInclude>
    <ClInclude Include="..\include\leveldb\iterator.h">
      <Filter>Header Files\include</Filter>
    </ClInclude>
    <ClInclude Include="..\include\leveldb\options.h">
      <Filter>Header Files\include</Filter>
    </ClInclude>
    <ClInclude Include="..\include\leveldb\slice.h">
      <Filter>Header Files\include</Filter>
    </ClInclude>
    <ClInclude Include="..\include\leveldb\status.h">
      <Filter>Header Files\include</Filter>
    </ClInclude>
    <ClInclude Include="..\include\leveldb\table.h">
      <Filter>Header Files\include</Filter>
    </ClInclude>
    <ClInclude Include="..\include\leveldb\table_builder.h">
      <Filter>Header Files\include</Filter>
    </ClInclude>
    <ClInclude Include="..\include\leveldb\write_batch.h">
      <Filter>Header Files\include</Filter>
    </ClInclude>
    <ClInclude Include="..\db\builder.h">
      <Filter>Header Files\db</Filter>
    </ClInclude>
    <ClInclude Include="..\db\db_impl.h">
      <Filter>Header Files\db</Filter>
    </ClInclude>
    <ClInclude Include="..\db\db_iter.h">
      <Filter>Header Files\db</Filter>
    </ClInclude>
    <ClInclude Include="..\db\dbformat.h">
      <Filter>Header Files\db</Filter>
    </ClInclude>
    <ClInclude Include="..\db\filename.h">
      <Filter>Header Files\db</Filter>
    </ClInclude>
    <ClInclude Include="..\db\log_format.h">
      <Filter>Header Files\db</Filter>
    </ClInclude>
    <ClInclude Include="..\db\log_reader.h">
      <Filter>Header Files\db</Filter>
    </ClInclude>
    <ClInclude Include="..\db\log_writer.h">
      <Filter>Header Files\db</Filter>
    </ClInclude>
    <ClInclude Include="..\db\memtable.h">
      <Filter>Header Files\db</Filter>
    </ClInclude>
    <ClInclude Include="..\db\skiplist.h">
      <Filter>Header Files\db</Filter>
    </ClInclude>
    <ClInclude Include="..\db\snapshot.h">
      <Filter>Header Files\db</Filter>
    </ClInclude>
    <ClInclude Include="..\db\table_cache.h">
      <Filter>Header Files\db</Filter>
    </ClInclude>
    <ClInclude Include="..\db\version_edit.h">
      <Filter>Header Files\db</Filter>
    </ClInclude>
    <ClInclude Include="..\db\version_set.h">
      <Filter>Header Files\db</Filter>
    </ClInclude>
    <ClInclude Include="..\db\write_batch_internal.h">
      <Filter>Header Files\db</Filter>
    </ClInclude>
    <ClInclude Include="..\helpers\memenv\memenv.h">
      <Filter>Header Files\helpers</Filter>
    </ClInclude>
    <ClInclude Include="..\util\arena.h">
      <Filter>Header Files\util</Filter>
    </ClInclude>
    <ClInclude Include="..\util\coding.h">
      <Filter>Header Files\util</Filter>
    </ClInclude>
    <ClInclude Include="..\util\crc32c.h">
      <Filter>Header Files\util</Filter>
    </ClInclude>
    <ClInclude Include="..\util\hash.h">
      <Filter>Header Files\util</Filter>
    </ClInclude>
    <ClInclude Include="..\util\histogram.h">
      <Filter>Header Files\util</Filter>
    </ClInclude>
    <ClInclude Include="..\util\logging.h">
      <Filter>Header Files\util</Filter>
    </ClInclude>
    <ClInclude Include="..\util\mutexlock.h">
      <Filter>Header Files\util</Filter>
    </ClInclude>
    <ClInclude Include="..\util\posix_logger.h">
      <Filter>Header Files\util</Filter>
    </ClInclude>
    <ClInclude Include="..\util\random.h">
      <Filter>Header Files\util</Filter>
    </ClInclude>
    <ClInclude Include="..\util\testharness.h">
      <Filter>Header Files\util</Filter>
    </ClInclude>
    <ClInclude Include="..\util\testutil.h">
      <Filter>Header Files\util</Filter>
    </ClInclude>
    <ClInclude Include="..\table\block.h">
      <Filter>Header Files\table</Filter>
    </ClInclude>
    <ClInclude Include="..\table\block_builder.h">
      <Filter>Header Files\table</Filter>
    </ClInclude>
    <ClInclude Include="..\table\filter_block.h">
      <Filter>Header Files\table</Filter>
    </ClInclude>
    <ClInclude Include="..\table\format.h">
      <Filter>Header Files\table</Filter>
    </ClInclude>
    <ClInclude Include="..\table\iterator_wrapper.h">
      <Filter>Header Files\table</Filter>
    </ClInclude>
    <ClInclude Include="..\table\merger.h">
      <Filter>Header Files\table</Filter>
    </ClInclude>
    <ClInclude Include="..\table\two_level_iterator.h">
      <Filter>Header Files\table</Filter>
    </ClInclude>
    <ClInclude Include="..\port\port.h">
      <Filter>Header Files\port</Filter>
    </ClInclude>
    <ClInclude Include="..\port\port_win.h">
      <Filter>Header Files\port</Filter>
    </ClInclude>
    <ClInclude Include="..\port\win\unistd.h">
      <Filter>Header Files\port</Filter>
    </ClInclude>
    <ClInclude Include="resource.h">
      <Filter>Header Files</Filter>
    </ClInclude>
  </ItemGroup>
</Project>